// !$*UTF8*$!
{
	archiveVersion = 1;
	classes = {
	};
	objectVersion = 46;
	objects = {

/* Begin PBXBuildFile section */
		4B1C25F0B5A8148675F75AA0 /* Pods_USC_Visitor_Companion_AppTests.framework in Frameworks */ = {isa = PBXBuildFile; fileRef = 44B248B9DF83E66AD7432890 /* Pods_USC_Visitor_Companion_AppTests.framework */; };
		A1E1375FD19E64048101C8B3 /* Pods_USC_Visitor_Companion_App.framework in Frameworks */ = {isa = PBXBuildFile; fileRef = 15DB3DC7F7064736DF04206E /* Pods_USC_Visitor_Companion_App.framework */; };
		AAD38B851D971648004DD648 /* AppDelegate.swift in Sources */ = {isa = PBXBuildFile; fileRef = AAD38B841D971648004DD648 /* AppDelegate.swift */; };
		AAD38B871D971648004DD648 /* ViewController.swift in Sources */ = {isa = PBXBuildFile; fileRef = AAD38B861D971648004DD648 /* ViewController.swift */; };
		AAD38B8A1D971648004DD648 /* Main.storyboard in Resources */ = {isa = PBXBuildFile; fileRef = AAD38B881D971648004DD648 /* Main.storyboard */; };
		AAD38B8D1D971648004DD648 /* USC_Visitor_Companion_App.xcdatamodeld in Sources */ = {isa = PBXBuildFile; fileRef = AAD38B8B1D971648004DD648 /* USC_Visitor_Companion_App.xcdatamodeld */; };
		AAD38B8F1D971648004DD648 /* Assets.xcassets in Resources */ = {isa = PBXBuildFile; fileRef = AAD38B8E1D971648004DD648 /* Assets.xcassets */; };
		AAD38B921D971648004DD648 /* LaunchScreen.storyboard in Resources */ = {isa = PBXBuildFile; fileRef = AAD38B901D971648004DD648 /* LaunchScreen.storyboard */; };
		AAD38B9D1D971648004DD648 /* USC_Visitor_Companion_AppTests.swift in Sources */ = {isa = PBXBuildFile; fileRef = AAD38B9C1D971648004DD648 /* USC_Visitor_Companion_AppTests.swift */; };
		AAD38BA81D971648004DD648 /* USC_Visitor_Companion_AppUITests.swift in Sources */ = {isa = PBXBuildFile; fileRef = AAD38BA71D971648004DD648 /* USC_Visitor_Companion_AppUITests.swift */; };
		E3AA91D066B8477A0CF0041D /* Pods_USC_Visitor_Companion_AppUITests.framework in Frameworks */ = {isa = PBXBuildFile; fileRef = F76203F56CA56F4183C9D94C /* Pods_USC_Visitor_Companion_AppUITests.framework */; };
/* End PBXBuildFile section */

/* Begin PBXContainerItemProxy section */
		AAD38B991D971648004DD648 /* PBXContainerItemProxy */ = {
			isa = PBXContainerItemProxy;
			containerPortal = AAD38B791D971648004DD648 /* Project object */;
			proxyType = 1;
			remoteGlobalIDString = AAD38B801D971648004DD648;
			remoteInfo = "USC Visitor Companion App";
		};
		AAD38BA41D971648004DD648 /* PBXContainerItemProxy */ = {
			isa = PBXContainerItemProxy;
			containerPortal = AAD38B791D971648004DD648 /* Project object */;
			proxyType = 1;
			remoteGlobalIDString = AAD38B801D971648004DD648;
			remoteInfo = "USC Visitor Companion App";
		};
/* End PBXContainerItemProxy section */

/* Begin PBXFileReference section */
		004973256B7351236653CCF5 /* Pods-USC Visitor Companion App.release.xcconfig */ = {isa = PBXFileReference; includeInIndex = 1; lastKnownFileType = text.xcconfig; name = "Pods-USC Visitor Companion App.release.xcconfig"; path = "Pods/Target Support Files/Pods-USC Visitor Companion App/Pods-USC Visitor Companion App.release.xcconfig"; sourceTree = "<group>"; };
		15DB3DC7F7064736DF04206E /* Pods_USC_Visitor_Companion_App.framework */ = {isa = PBXFileReference; explicitFileType = wrapper.framework; includeInIndex = 0; path = Pods_USC_Visitor_Companion_App.framework; sourceTree = BUILT_PRODUCTS_DIR; };
		19CDA2698EBF75BEA9EEC20F /* Pods-USC Visitor Companion AppUITests.release.xcconfig */ = {isa = PBXFileReference; includeInIndex = 1; lastKnownFileType = text.xcconfig; name = "Pods-USC Visitor Companion AppUITests.release.xcconfig"; path = "Pods/Target Support Files/Pods-USC Visitor Companion AppUITests/Pods-USC Visitor Companion AppUITests.release.xcconfig"; sourceTree = "<group>"; };
		44B248B9DF83E66AD7432890 /* Pods_USC_Visitor_Companion_AppTests.framework */ = {isa = PBXFileReference; explicitFileType = wrapper.framework; includeInIndex = 0; path = Pods_USC_Visitor_Companion_AppTests.framework; sourceTree = BUILT_PRODUCTS_DIR; };
		AAD38B811D971648004DD648 /* USC Visitor Companion App.app */ = {isa = PBXFileReference; explicitFileType = wrapper.application; includeInIndex = 0; path = "USC Visitor Companion App.app"; sourceTree = BUILT_PRODUCTS_DIR; };
		AAD38B841D971648004DD648 /* AppDelegate.swift */ = {isa = PBXFileReference; lastKnownFileType = sourcecode.swift; path = AppDelegate.swift; sourceTree = "<group>"; };
		AAD38B861D971648004DD648 /* ViewController.swift */ = {isa = PBXFileReference; lastKnownFileType = sourcecode.swift; path = ViewController.swift; sourceTree = "<group>"; };
		AAD38B891D971648004DD648 /* Base */ = {isa = PBXFileReference; lastKnownFileType = file.storyboard; name = Base; path = Base.lproj/Main.storyboard; sourceTree = "<group>"; };
		AAD38B8C1D971648004DD648 /* USC_Visitor_Companion_App.xcdatamodel */ = {isa = PBXFileReference; lastKnownFileType = wrapper.xcdatamodel; path = USC_Visitor_Companion_App.xcdatamodel; sourceTree = "<group>"; };
		AAD38B8E1D971648004DD648 /* Assets.xcassets */ = {isa = PBXFileReference; lastKnownFileType = folder.assetcatalog; path = Assets.xcassets; sourceTree = "<group>"; };
		AAD38B911D971648004DD648 /* Base */ = {isa = PBXFileReference; lastKnownFileType = file.storyboard; name = Base; path = Base.lproj/LaunchScreen.storyboard; sourceTree = "<group>"; };
		AAD38B931D971648004DD648 /* Info.plist */ = {isa = PBXFileReference; lastKnownFileType = text.plist.xml; path = Info.plist; sourceTree = "<group>"; };
		AAD38B981D971648004DD648 /* USC Visitor Companion AppTests.xctest */ = {isa = PBXFileReference; explicitFileType = wrapper.cfbundle; includeInIndex = 0; path = "USC Visitor Companion AppTests.xctest"; sourceTree = BUILT_PRODUCTS_DIR; };
		AAD38B9C1D971648004DD648 /* USC_Visitor_Companion_AppTests.swift */ = {isa = PBXFileReference; lastKnownFileType = sourcecode.swift; path = USC_Visitor_Companion_AppTests.swift; sourceTree = "<group>"; };
		AAD38B9E1D971648004DD648 /* Info.plist */ = {isa = PBXFileReference; lastKnownFileType = text.plist.xml; path = Info.plist; sourceTree = "<group>"; };
		AAD38BA31D971648004DD648 /* USC Visitor Companion AppUITests.xctest */ = {isa = PBXFileReference; explicitFileType = wrapper.cfbundle; includeInIndex = 0; path = "USC Visitor Companion AppUITests.xctest"; sourceTree = BUILT_PRODUCTS_DIR; };
		AAD38BA71D971648004DD648 /* USC_Visitor_Companion_AppUITests.swift */ = {isa = PBXFileReference; lastKnownFileType = sourcecode.swift; path = USC_Visitor_Companion_AppUITests.swift; sourceTree = "<group>"; };
		AAD38BA91D971648004DD648 /* Info.plist */ = {isa = PBXFileReference; lastKnownFileType = text.plist.xml; path = Info.plist; sourceTree = "<group>"; };
		BEA06F35E18ACCBABF2C162A /* Pods-USC Visitor Companion App.debug.xcconfig */ = {isa = PBXFileReference; includeInIndex = 1; lastKnownFileType = text.xcconfig; name = "Pods-USC Visitor Companion App.debug.xcconfig"; path = "Pods/Target Support Files/Pods-USC Visitor Companion App/Pods-USC Visitor Companion App.debug.xcconfig"; sourceTree = "<group>"; };
		D52836DEAE47E698A6361404 /* Pods-USC Visitor Companion AppTests.release.xcconfig */ = {isa = PBXFileReference; includeInIndex = 1; lastKnownFileType = text.xcconfig; name = "Pods-USC Visitor Companion AppTests.release.xcconfig"; path = "Pods/Target Support Files/Pods-USC Visitor Companion AppTests/Pods-USC Visitor Companion AppTests.release.xcconfig"; sourceTree = "<group>"; };
		EB79401528EC042FECA76130 /* Pods-USC Visitor Companion AppTests.debug.xcconfig */ = {isa = PBXFileReference; includeInIndex = 1; lastKnownFileType = text.xcconfig; name = "Pods-USC Visitor Companion AppTests.debug.xcconfig"; path = "Pods/Target Support Files/Pods-USC Visitor Companion AppTests/Pods-USC Visitor Companion AppTests.debug.xcconfig"; sourceTree = "<group>"; };
		F76203F56CA56F4183C9D94C /* Pods_USC_Visitor_Companion_AppUITests.framework */ = {isa = PBXFileReference; explicitFileType = wrapper.framework; includeInIndex = 0; path = Pods_USC_Visitor_Companion_AppUITests.framework; sourceTree = BUILT_PRODUCTS_DIR; };
		FD1E8D85302688CCE5186C7F /* Pods-USC Visitor Companion AppUITests.debug.xcconfig */ = {isa = PBXFileReference; includeInIndex = 1; lastKnownFileType = text.xcconfig; name = "Pods-USC Visitor Companion AppUITests.debug.xcconfig"; path = "Pods/Target Support Files/Pods-USC Visitor Companion AppUITests/Pods-USC Visitor Companion AppUITests.debug.xcconfig"; sourceTree = "<group>"; };
/* End PBXFileReference section */

/* Begin PBXFrameworksBuildPhase section */
		AAD38B7E1D971648004DD648 /* Frameworks */ = {
			isa = PBXFrameworksBuildPhase;
			buildActionMask = 2147483647;
			files = (
				A1E1375FD19E64048101C8B3 /* Pods_USC_Visitor_Companion_App.framework in Frameworks */,
			);
			runOnlyForDeploymentPostprocessing = 0;
		};
		AAD38B951D971648004DD648 /* Frameworks */ = {
			isa = PBXFrameworksBuildPhase;
			buildActionMask = 2147483647;
			files = (
				4B1C25F0B5A8148675F75AA0 /* Pods_USC_Visitor_Companion_AppTests.framework in Frameworks */,
			);
			runOnlyForDeploymentPostprocessing = 0;
		};
		AAD38BA01D971648004DD648 /* Frameworks */ = {
			isa = PBXFrameworksBuildPhase;
			buildActionMask = 2147483647;
			files = (
				E3AA91D066B8477A0CF0041D /* Pods_USC_Visitor_Companion_AppUITests.framework in Frameworks */,
			);
			runOnlyForDeploymentPostprocessing = 0;
		};
/* End PBXFrameworksBuildPhase section */

/* Begin PBXGroup section */
		3093C19AF44C06BB5EC5838C /* Frameworks */ = {
			isa = PBXGroup;
			children = (
				15DB3DC7F7064736DF04206E /* Pods_USC_Visitor_Companion_App.framework */,
				44B248B9DF83E66AD7432890 /* Pods_USC_Visitor_Companion_AppTests.framework */,
				F76203F56CA56F4183C9D94C /* Pods_USC_Visitor_Companion_AppUITests.framework */,
			);
			name = Frameworks;
			sourceTree = "<group>";
		};
		AAD38B781D971648004DD648 = {
			isa = PBXGroup;
			children = (
				AAD38B831D971648004DD648 /* USC Visitor Companion App */,
				AAD38B9B1D971648004DD648 /* USC Visitor Companion AppTests */,
				AAD38BA61D971648004DD648 /* USC Visitor Companion AppUITests */,
				AAD38B821D971648004DD648 /* Products */,
				F6E619F81199722ECBC1996F /* Pods */,
				3093C19AF44C06BB5EC5838C /* Frameworks */,
			);
			sourceTree = "<group>";
		};
		AAD38B821D971648004DD648 /* Products */ = {
			isa = PBXGroup;
			children = (
				AAD38B811D971648004DD648 /* USC Visitor Companion App.app */,
				AAD38B981D971648004DD648 /* USC Visitor Companion AppTests.xctest */,
				AAD38BA31D971648004DD648 /* USC Visitor Companion AppUITests.xctest */,
			);
			name = Products;
			sourceTree = "<group>";
		};
		AAD38B831D971648004DD648 /* USC Visitor Companion App */ = {
			isa = PBXGroup;
			children = (
				AAD38BBA1D972E19004DD648 /* Models */,
				AAD38BBB1D972E1F004DD648 /* Views */,
				AAD38BBC1D972E23004DD648 /* Controllers */,
				AAD38BBD1D972E26004DD648 /* Supporting Files */,
			);
			path = "USC Visitor Companion App";
			sourceTree = "<group>";
		};
		AAD38B9B1D971648004DD648 /* USC Visitor Companion AppTests */ = {
			isa = PBXGroup;
			children = (
				AAD38B9C1D971648004DD648 /* USC_Visitor_Companion_AppTests.swift */,
				AAD38B9E1D971648004DD648 /* Info.plist */,
			);
			path = "USC Visitor Companion AppTests";
			sourceTree = "<group>";
		};
		AAD38BA61D971648004DD648 /* USC Visitor Companion AppUITests */ = {
			isa = PBXGroup;
			children = (
				AAD38BA71D971648004DD648 /* USC_Visitor_Companion_AppUITests.swift */,
				AAD38BA91D971648004DD648 /* Info.plist */,
			);
			path = "USC Visitor Companion AppUITests";
			sourceTree = "<group>";
		};
		AAD38BBA1D972E19004DD648 /* Models */ = {
			isa = PBXGroup;
			children = (
				AAD38B8B1D971648004DD648 /* USC_Visitor_Companion_App.xcdatamodeld */,
			);
			name = Models;
			sourceTree = "<group>";
		};
		AAD38BBB1D972E1F004DD648 /* Views */ = {
			isa = PBXGroup;
			children = (
				AAD38B881D971648004DD648 /* Main.storyboard */,
				AAD38B901D971648004DD648 /* LaunchScreen.storyboard */,
				AAD38BBE1D972E44004DD648 /* Resources */,
			);
			name = Views;
			sourceTree = "<group>";
		};
		AAD38BBC1D972E23004DD648 /* Controllers */ = {
			isa = PBXGroup;
			children = (
				AAD38B861D971648004DD648 /* ViewController.swift */,
			);
			name = Controllers;
			sourceTree = "<group>";
		};
		AAD38BBD1D972E26004DD648 /* Supporting Files */ = {
			isa = PBXGroup;
			children = (
				AAD38B841D971648004DD648 /* AppDelegate.swift */,
				AAD38B931D971648004DD648 /* Info.plist */,
			);
			name = "Supporting Files";
			sourceTree = "<group>";
		};
		AAD38BBE1D972E44004DD648 /* Resources */ = {
			isa = PBXGroup;
			children = (
				AAD38B8E1D971648004DD648 /* Assets.xcassets */,
			);
			name = Resources;
			sourceTree = "<group>";
		};
		F6E619F81199722ECBC1996F /* Pods */ = {
			isa = PBXGroup;
			children = (
				BEA06F35E18ACCBABF2C162A /* Pods-USC Visitor Companion App.debug.xcconfig */,
				004973256B7351236653CCF5 /* Pods-USC Visitor Companion App.release.xcconfig */,
				EB79401528EC042FECA76130 /* Pods-USC Visitor Companion AppTests.debug.xcconfig */,
				D52836DEAE47E698A6361404 /* Pods-USC Visitor Companion AppTests.release.xcconfig */,
				FD1E8D85302688CCE5186C7F /* Pods-USC Visitor Companion AppUITests.debug.xcconfig */,
				19CDA2698EBF75BEA9EEC20F /* Pods-USC Visitor Companion AppUITests.release.xcconfig */,
			);
			name = Pods;
			sourceTree = "<group>";
		};
/* End PBXGroup section */

/* Begin PBXNativeTarget section */
		AAD38B801D971648004DD648 /* USC Visitor Companion App */ = {
			isa = PBXNativeTarget;
			buildConfigurationList = AAD38BAC1D971648004DD648 /* Build configuration list for PBXNativeTarget "USC Visitor Companion App" */;
			buildPhases = (
				D3EB49AB43F03F663EA09AAF /* 📦 Check Pods Manifest.lock */,
				AAD38B7D1D971648004DD648 /* Sources */,
				AAD38B7E1D971648004DD648 /* Frameworks */,
				AAD38B7F1D971648004DD648 /* Resources */,
				AECC032B03CE25C2A11EBD9C /* 📦 Embed Pods Frameworks */,
				A28E4963873E6009D4290A09 /* 📦 Copy Pods Resources */,
			);
			buildRules = (
			);
			dependencies = (
			);
			name = "USC Visitor Companion App";
			productName = "USC Visitor Companion App";
			productReference = AAD38B811D971648004DD648 /* USC Visitor Companion App.app */;
			productType = "com.apple.product-type.application";
		};
		AAD38B971D971648004DD648 /* USC Visitor Companion AppTests */ = {
			isa = PBXNativeTarget;
			buildConfigurationList = AAD38BAF1D971648004DD648 /* Build configuration list for PBXNativeTarget "USC Visitor Companion AppTests" */;
			buildPhases = (
				F4A6E726B80CF68BED5D662C /* 📦 Check Pods Manifest.lock */,
				AAD38B941D971648004DD648 /* Sources */,
				AAD38B951D971648004DD648 /* Frameworks */,
				AAD38B961D971648004DD648 /* Resources */,
				0BA8091B279229490850DE4E /* 📦 Embed Pods Frameworks */,
				92B7C30A43816779F9D3E702 /* 📦 Copy Pods Resources */,
			);
			buildRules = (
			);
			dependencies = (
				AAD38B9A1D971648004DD648 /* PBXTargetDependency */,
			);
			name = "USC Visitor Companion AppTests";
			productName = "USC Visitor Companion AppTests";
			productReference = AAD38B981D971648004DD648 /* USC Visitor Companion AppTests.xctest */;
			productType = "com.apple.product-type.bundle.unit-test";
		};
		AAD38BA21D971648004DD648 /* USC Visitor Companion AppUITests */ = {
			isa = PBXNativeTarget;
			buildConfigurationList = AAD38BB21D971648004DD648 /* Build configuration list for PBXNativeTarget "USC Visitor Companion AppUITests" */;
			buildPhases = (
				BE939F1E12031F75D6FE64A9 /* 📦 Check Pods Manifest.lock */,
				AAD38B9F1D971648004DD648 /* Sources */,
				AAD38BA01D971648004DD648 /* Frameworks */,
				AAD38BA11D971648004DD648 /* Resources */,
				8C0EB47229C0DCFBFD89EFDC /* 📦 Copy Pods Resources */,
			);
			buildRules = (
			);
			dependencies = (
				AAD38BA51D971648004DD648 /* PBXTargetDependency */,
			);
			name = "USC Visitor Companion AppUITests";
			productName = "USC Visitor Companion AppUITests";
			productReference = AAD38BA31D971648004DD648 /* USC Visitor Companion AppUITests.xctest */;
			productType = "com.apple.product-type.bundle.ui-testing";
		};
/* End PBXNativeTarget section */

/* Begin PBXProject section */
		AAD38B791D971648004DD648 /* Project object */ = {
			isa = PBXProject;
			attributes = {
				LastSwiftUpdateCheck = 0800;
				LastUpgradeCheck = 0800;
				ORGANIZATIONNAME = "University of Southern California";
				TargetAttributes = {
					AAD38B801D971648004DD648 = {
						CreatedOnToolsVersion = 8.0;
						ProvisioningStyle = Automatic;
					};
					AAD38B971D971648004DD648 = {
						CreatedOnToolsVersion = 8.0;
						ProvisioningStyle = Automatic;
						TestTargetID = AAD38B801D971648004DD648;
					};
					AAD38BA21D971648004DD648 = {
						CreatedOnToolsVersion = 8.0;
						ProvisioningStyle = Automatic;
						TestTargetID = AAD38B801D971648004DD648;
					};
				};
			};
			buildConfigurationList = AAD38B7C1D971648004DD648 /* Build configuration list for PBXProject "USC Visitor Companion App" */;
			compatibilityVersion = "Xcode 3.2";
			developmentRegion = English;
			hasScannedForEncodings = 0;
			knownRegions = (
				en,
				Base,
			);
			mainGroup = AAD38B781D971648004DD648;
			productRefGroup = AAD38B821D971648004DD648 /* Products */;
			projectDirPath = "";
			projectRoot = "";
			targets = (
				AAD38B801D971648004DD648 /* USC Visitor Companion App */,
				AAD38B971D971648004DD648 /* USC Visitor Companion AppTests */,
				AAD38BA21D971648004DD648 /* USC Visitor Companion AppUITests */,
			);
		};
/* End PBXProject section */

/* Begin PBXResourcesBuildPhase section */
		AAD38B7F1D971648004DD648 /* Resources */ = {
			isa = PBXResourcesBuildPhase;
			buildActionMask = 2147483647;
			files = (
				AAD38B921D971648004DD648 /* LaunchScreen.storyboard in Resources */,
				AAD38B8F1D971648004DD648 /* Assets.xcassets in Resources */,
				AAD38B8A1D971648004DD648 /* Main.storyboard in Resources */,
			);
			runOnlyForDeploymentPostprocessing = 0;
		};
		AAD38B961D971648004DD648 /* Resources */ = {
			isa = PBXResourcesBuildPhase;
			buildActionMask = 2147483647;
			files = (
			);
			runOnlyForDeploymentPostprocessing = 0;
		};
		AAD38BA11D971648004DD648 /* Resources */ = {
			isa = PBXResourcesBuildPhase;
			buildActionMask = 2147483647;
			files = (
			);
			runOnlyForDeploymentPostprocessing = 0;
		};
/* End PBXResourcesBuildPhase section */

/* Begin PBXShellScriptBuildPhase section */
		0BA8091B279229490850DE4E /* 📦 Embed Pods Frameworks */ = {
			isa = PBXShellScriptBuildPhase;
			buildActionMask = 2147483647;
			files = (
			);
			inputPaths = (
			);
			name = "📦 Embed Pods Frameworks";
			outputPaths = (
			);
			runOnlyForDeploymentPostprocessing = 0;
			shellPath = /bin/sh;
			shellScript = "\"${SRCROOT}/Pods/Target Support Files/Pods-USC Visitor Companion AppTests/Pods-USC Visitor Companion AppTests-frameworks.sh\"\n";
			showEnvVarsInLog = 0;
		};
		8C0EB47229C0DCFBFD89EFDC /* 📦 Copy Pods Resources */ = {
			isa = PBXShellScriptBuildPhase;
			buildActionMask = 2147483647;
			files = (
			);
			inputPaths = (
			);
			name = "📦 Copy Pods Resources";
			outputPaths = (
			);
			runOnlyForDeploymentPostprocessing = 0;
			shellPath = /bin/sh;
			shellScript = "\"${SRCROOT}/Pods/Target Support Files/Pods-USC Visitor Companion AppUITests/Pods-USC Visitor Companion AppUITests-resources.sh\"\n";
			showEnvVarsInLog = 0;
		};
		92B7C30A43816779F9D3E702 /* 📦 Copy Pods Resources */ = {
			isa = PBXShellScriptBuildPhase;
			buildActionMask = 2147483647;
			files = (
			);
			inputPaths = (
			);
			name = "📦 Copy Pods Resources";
			outputPaths = (
			);
			runOnlyForDeploymentPostprocessing = 0;
			shellPath = /bin/sh;
			shellScript = "\"${SRCROOT}/Pods/Target Support Files/Pods-USC Visitor Companion AppTests/Pods-USC Visitor Companion AppTests-resources.sh\"\n";
			showEnvVarsInLog = 0;
		};
		A28E4963873E6009D4290A09 /* 📦 Copy Pods Resources */ = {
			isa = PBXShellScriptBuildPhase;
			buildActionMask = 2147483647;
			files = (
			);
			inputPaths = (
			);
			name = "📦 Copy Pods Resources";
			outputPaths = (
			);
			runOnlyForDeploymentPostprocessing = 0;
			shellPath = /bin/sh;
			shellScript = "\"${SRCROOT}/Pods/Target Support Files/Pods-USC Visitor Companion App/Pods-USC Visitor Companion App-resources.sh\"\n";
			showEnvVarsInLog = 0;
		};
		AECC032B03CE25C2A11EBD9C /* 📦 Embed Pods Frameworks */ = {
			isa = PBXShellScriptBuildPhase;
			buildActionMask = 2147483647;
			files = (
			);
			inputPaths = (
			);
			name = "📦 Embed Pods Frameworks";
			outputPaths = (
			);
			runOnlyForDeploymentPostprocessing = 0;
			shellPath = /bin/sh;
			shellScript = "\"${SRCROOT}/Pods/Target Support Files/Pods-USC Visitor Companion App/Pods-USC Visitor Companion App-frameworks.sh\"\n";
			showEnvVarsInLog = 0;
		};
		BE939F1E12031F75D6FE64A9 /* 📦 Check Pods Manifest.lock */ = {
			isa = PBXShellScriptBuildPhase;
			buildActionMask = 2147483647;
			files = (
			);
			inputPaths = (
			);
			name = "📦 Check Pods Manifest.lock";
			outputPaths = (
			);
			runOnlyForDeploymentPostprocessing = 0;
			shellPath = /bin/sh;
			shellScript = "diff \"${PODS_ROOT}/../Podfile.lock\" \"${PODS_ROOT}/Manifest.lock\" > /dev/null\nif [[ $? != 0 ]] ; then\n    cat << EOM\nerror: The sandbox is not in sync with the Podfile.lock. Run 'pod install' or update your CocoaPods installation.\nEOM\n    exit 1\nfi\n";
			showEnvVarsInLog = 0;
		};
		D3EB49AB43F03F663EA09AAF /* 📦 Check Pods Manifest.lock */ = {
			isa = PBXShellScriptBuildPhase;
			buildActionMask = 2147483647;
			files = (
			);
			inputPaths = (
			);
			name = "📦 Check Pods Manifest.lock";
			outputPaths = (
			);
			runOnlyForDeploymentPostprocessing = 0;
			shellPath = /bin/sh;
			shellScript = "diff \"${PODS_ROOT}/../Podfile.lock\" \"${PODS_ROOT}/Manifest.lock\" > /dev/null\nif [[ $? != 0 ]] ; then\n    cat << EOM\nerror: The sandbox is not in sync with the Podfile.lock. Run 'pod install' or update your CocoaPods installation.\nEOM\n    exit 1\nfi\n";
			showEnvVarsInLog = 0;
		};
		F4A6E726B80CF68BED5D662C /* 📦 Check Pods Manifest.lock */ = {
			isa = PBXShellScriptBuildPhase;
			buildActionMask = 2147483647;
			files = (
			);
			inputPaths = (
			);
			name = "📦 Check Pods Manifest.lock";
			outputPaths = (
			);
			runOnlyForDeploymentPostprocessing = 0;
			shellPath = /bin/sh;
			shellScript = "diff \"${PODS_ROOT}/../Podfile.lock\" \"${PODS_ROOT}/Manifest.lock\" > /dev/null\nif [[ $? != 0 ]] ; then\n    cat << EOM\nerror: The sandbox is not in sync with the Podfile.lock. Run 'pod install' or update your CocoaPods installation.\nEOM\n    exit 1\nfi\n";
			showEnvVarsInLog = 0;
		};
/* End PBXShellScriptBuildPhase section */

/* Begin PBXSourcesBuildPhase section */
		AAD38B7D1D971648004DD648 /* Sources */ = {
			isa = PBXSourcesBuildPhase;
			buildActionMask = 2147483647;
			files = (
				AAD38B871D971648004DD648 /* ViewController.swift in Sources */,
				AAD38B851D971648004DD648 /* AppDelegate.swift in Sources */,
				AAD38B8D1D971648004DD648 /* USC_Visitor_Companion_App.xcdatamodeld in Sources */,
			);
			runOnlyForDeploymentPostprocessing = 0;
		};
		AAD38B941D971648004DD648 /* Sources */ = {
			isa = PBXSourcesBuildPhase;
			buildActionMask = 2147483647;
			files = (
				AAD38B9D1D971648004DD648 /* USC_Visitor_Companion_AppTests.swift in Sources */,
			);
			runOnlyForDeploymentPostprocessing = 0;
		};
		AAD38B9F1D971648004DD648 /* Sources */ = {
			isa = PBXSourcesBuildPhase;
			buildActionMask = 2147483647;
			files = (
				AAD38BA81D971648004DD648 /* USC_Visitor_Companion_AppUITests.swift in Sources */,
			);
			runOnlyForDeploymentPostprocessing = 0;
		};
/* End PBXSourcesBuildPhase section */

/* Begin PBXTargetDependency section */
		AAD38B9A1D971648004DD648 /* PBXTargetDependency */ = {
			isa = PBXTargetDependency;
			target = AAD38B801D971648004DD648 /* USC Visitor Companion App */;
			targetProxy = AAD38B991D971648004DD648 /* PBXContainerItemProxy */;
		};
		AAD38BA51D971648004DD648 /* PBXTargetDependency */ = {
			isa = PBXTargetDependency;
			target = AAD38B801D971648004DD648 /* USC Visitor Companion App */;
			targetProxy = AAD38BA41D971648004DD648 /* PBXContainerItemProxy */;
		};
/* End PBXTargetDependency section */

/* Begin PBXVariantGroup section */
		AAD38B881D971648004DD648 /* Main.storyboard */ = {
			isa = PBXVariantGroup;
			children = (
				AAD38B891D971648004DD648 /* Base */,
			);
			name = Main.storyboard;
			sourceTree = "<group>";
		};
		AAD38B901D971648004DD648 /* LaunchScreen.storyboard */ = {
			isa = PBXVariantGroup;
			children = (
				AAD38B911D971648004DD648 /* Base */,
			);
			name = LaunchScreen.storyboard;
			sourceTree = "<group>";
		};
/* End PBXVariantGroup section */

/* Begin XCBuildConfiguration section */
		AAD38BAA1D971648004DD648 /* Debug */ = {
			isa = XCBuildConfiguration;
			buildSettings = {
				ALWAYS_SEARCH_USER_PATHS = NO;
				CLANG_ANALYZER_NONNULL = YES;
				CLANG_CXX_LANGUAGE_STANDARD = "gnu++0x";
				CLANG_CXX_LIBRARY = "libc++";
				CLANG_ENABLE_MODULES = YES;
				CLANG_ENABLE_OBJC_ARC = YES;
				CLANG_WARN_BOOL_CONVERSION = YES;
				CLANG_WARN_CONSTANT_CONVERSION = YES;
				CLANG_WARN_DIRECT_OBJC_ISA_USAGE = YES_ERROR;
				CLANG_WARN_DOCUMENTATION_COMMENTS = YES;
				CLANG_WARN_EMPTY_BODY = YES;
				CLANG_WARN_ENUM_CONVERSION = YES;
				CLANG_WARN_INFINITE_RECURSION = YES;
				CLANG_WARN_INT_CONVERSION = YES;
				CLANG_WARN_OBJC_ROOT_CLASS = YES_ERROR;
				CLANG_WARN_SUSPICIOUS_MOVE = YES;
				CLANG_WARN_SUSPICIOUS_MOVES = YES;
				CLANG_WARN_UNREACHABLE_CODE = YES;
				CLANG_WARN__DUPLICATE_METHOD_MATCH = YES;
				"CODE_SIGN_IDENTITY[sdk=iphoneos*]" = "iPhone Developer";
				COPY_PHASE_STRIP = NO;
				DEBUG_INFORMATION_FORMAT = dwarf;
				ENABLE_STRICT_OBJC_MSGSEND = YES;
				ENABLE_TESTABILITY = YES;
				GCC_C_LANGUAGE_STANDARD = gnu99;
				GCC_DYNAMIC_NO_PIC = NO;
				GCC_NO_COMMON_BLOCKS = YES;
				GCC_OPTIMIZATION_LEVEL = 0;
				GCC_PREPROCESSOR_DEFINITIONS = (
					"DEBUG=1",
					"$(inherited)",
				);
				GCC_WARN_64_TO_32_BIT_CONVERSION = YES;
				GCC_WARN_ABOUT_RETURN_TYPE = YES_ERROR;
				GCC_WARN_UNDECLARED_SELECTOR = YES;
				GCC_WARN_UNINITIALIZED_AUTOS = YES_AGGRESSIVE;
				GCC_WARN_UNUSED_FUNCTION = YES;
				GCC_WARN_UNUSED_VARIABLE = YES;
				IPHONEOS_DEPLOYMENT_TARGET = 10.0;
				MTL_ENABLE_DEBUG_INFO = YES;
				ONLY_ACTIVE_ARCH = YES;
				SDKROOT = iphoneos;
				SWIFT_ACTIVE_COMPILATION_CONDITIONS = DEBUG;
				SWIFT_OPTIMIZATION_LEVEL = "-Onone";
				TARGETED_DEVICE_FAMILY = "1,2";
			};
			name = Debug;
		};
		AAD38BAB1D971648004DD648 /* Release */ = {
			isa = XCBuildConfiguration;
			buildSettings = {
				ALWAYS_SEARCH_USER_PATHS = NO;
				CLANG_ANALYZER_NONNULL = YES;
				CLANG_CXX_LANGUAGE_STANDARD = "gnu++0x";
				CLANG_CXX_LIBRARY = "libc++";
				CLANG_ENABLE_MODULES = YES;
				CLANG_ENABLE_OBJC_ARC = YES;
				CLANG_WARN_BOOL_CONVERSION = YES;
				CLANG_WARN_CONSTANT_CONVERSION = YES;
				CLANG_WARN_DIRECT_OBJC_ISA_USAGE = YES_ERROR;
				CLANG_WARN_DOCUMENTATION_COMMENTS = YES;
				CLANG_WARN_EMPTY_BODY = YES;
				CLANG_WARN_ENUM_CONVERSION = YES;
				CLANG_WARN_INFINITE_RECURSION = YES;
				CLANG_WARN_INT_CONVERSION = YES;
				CLANG_WARN_OBJC_ROOT_CLASS = YES_ERROR;
				CLANG_WARN_SUSPICIOUS_MOVE = YES;
				CLANG_WARN_SUSPICIOUS_MOVES = YES;
				CLANG_WARN_UNREACHABLE_CODE = YES;
				CLANG_WARN__DUPLICATE_METHOD_MATCH = YES;
				"CODE_SIGN_IDENTITY[sdk=iphoneos*]" = "iPhone Developer";
				COPY_PHASE_STRIP = NO;
				DEBUG_INFORMATION_FORMAT = "dwarf-with-dsym";
				ENABLE_NS_ASSERTIONS = NO;
				ENABLE_STRICT_OBJC_MSGSEND = YES;
				GCC_C_LANGUAGE_STANDARD = gnu99;
				GCC_NO_COMMON_BLOCKS = YES;
				GCC_WARN_64_TO_32_BIT_CONVERSION = YES;
				GCC_WARN_ABOUT_RETURN_TYPE = YES_ERROR;
				GCC_WARN_UNDECLARED_SELECTOR = YES;
				GCC_WARN_UNINITIALIZED_AUTOS = YES_AGGRESSIVE;
				GCC_WARN_UNUSED_FUNCTION = YES;
				GCC_WARN_UNUSED_VARIABLE = YES;
				IPHONEOS_DEPLOYMENT_TARGET = 10.0;
				MTL_ENABLE_DEBUG_INFO = NO;
				SDKROOT = iphoneos;
				SWIFT_OPTIMIZATION_LEVEL = "-Owholemodule";
				TARGETED_DEVICE_FAMILY = "1,2";
				VALIDATE_PRODUCT = YES;
			};
			name = Release;
		};
		AAD38BAD1D971648004DD648 /* Debug */ = {
			isa = XCBuildConfiguration;
			baseConfigurationReference = BEA06F35E18ACCBABF2C162A /* Pods-USC Visitor Companion App.debug.xcconfig */;
			buildSettings = {
				ASSETCATALOG_COMPILER_APPICON_NAME = AppIcon;
				INFOPLIST_FILE = "USC Visitor Companion App/Info.plist";
				LD_RUNPATH_SEARCH_PATHS = "$(inherited) @executable_path/Frameworks";
				PRODUCT_BUNDLE_IDENTIFIER = "edu.usc.USC-Visitor-Companion-App";
				PRODUCT_NAME = "$(TARGET_NAME)";
				SWIFT_VERSION = 3.0;
			};
			name = Debug;
		};
		AAD38BAE1D971648004DD648 /* Release */ = {
			isa = XCBuildConfiguration;
			baseConfigurationReference = 004973256B7351236653CCF5 /* Pods-USC Visitor Companion App.release.xcconfig */;
			buildSettings = {
				ASSETCATALOG_COMPILER_APPICON_NAME = AppIcon;
				INFOPLIST_FILE = "USC Visitor Companion App/Info.plist";
				LD_RUNPATH_SEARCH_PATHS = "$(inherited) @executable_path/Frameworks";
				PRODUCT_BUNDLE_IDENTIFIER = "edu.usc.USC-Visitor-Companion-App";
				PRODUCT_NAME = "$(TARGET_NAME)";
				SWIFT_VERSION = 3.0;
			};
			name = Release;
		};
		AAD38BB01D971648004DD648 /* Debug */ = {
			isa = XCBuildConfiguration;
			baseConfigurationReference = EB79401528EC042FECA76130 /* Pods-USC Visitor Companion AppTests.debug.xcconfig */;
			buildSettings = {
				ALWAYS_EMBED_SWIFT_STANDARD_LIBRARIES = YES;
				BUNDLE_LOADER = "$(TEST_HOST)";
				INFOPLIST_FILE = "USC Visitor Companion AppTests/Info.plist";
				LD_RUNPATH_SEARCH_PATHS = "$(inherited) @executable_path/Frameworks @loader_path/Frameworks";
				PRODUCT_BUNDLE_IDENTIFIER = "edu.usc.USC-Visitor-Companion-AppTests";
				PRODUCT_NAME = "$(TARGET_NAME)";
				SWIFT_VERSION = 3.0;
				TEST_HOST = "$(BUILT_PRODUCTS_DIR)/USC Visitor Companion App.app/USC Visitor Companion App";
			};
			name = Debug;
		};
		AAD38BB11D971648004DD648 /* Release */ = {
			isa = XCBuildConfiguration;
			baseConfigurationReference = D52836DEAE47E698A6361404 /* Pods-USC Visitor Companion AppTests.release.xcconfig */;
			buildSettings = {
				ALWAYS_EMBED_SWIFT_STANDARD_LIBRARIES = YES;
				BUNDLE_LOADER = "$(TEST_HOST)";
				INFOPLIST_FILE = "USC Visitor Companion AppTests/Info.plist";
				LD_RUNPATH_SEARCH_PATHS = "$(inherited) @executable_path/Frameworks @loader_path/Frameworks";
				PRODUCT_BUNDLE_IDENTIFIER = "edu.usc.USC-Visitor-Companion-AppTests";
				PRODUCT_NAME = "$(TARGET_NAME)";
				SWIFT_VERSION = 3.0;
				TEST_HOST = "$(BUILT_PRODUCTS_DIR)/USC Visitor Companion App.app/USC Visitor Companion App";
			};
			name = Release;
		};
		AAD38BB31D971648004DD648 /* Debug */ = {
			isa = XCBuildConfiguration;
			baseConfigurationReference = FD1E8D85302688CCE5186C7F /* Pods-USC Visitor Companion AppUITests.debug.xcconfig */;
			buildSettings = {
				ALWAYS_EMBED_SWIFT_STANDARD_LIBRARIES = YES;
				INFOPLIST_FILE = "USC Visitor Companion AppUITests/Info.plist";
				LD_RUNPATH_SEARCH_PATHS = "$(inherited) @executable_path/Frameworks @loader_path/Frameworks";
				PRODUCT_BUNDLE_IDENTIFIER = "edu.usc.USC-Visitor-Companion-AppUITests";
				PRODUCT_NAME = "$(TARGET_NAME)";
				SWIFT_VERSION = 3.0;
				TEST_TARGET_NAME = "USC Visitor Companion App";
			};
			name = Debug;
		};
		AAD38BB41D971648004DD648 /* Release */ = {
			isa = XCBuildConfiguration;
			baseConfigurationReference = 19CDA2698EBF75BEA9EEC20F /* Pods-USC Visitor Companion AppUITests.release.xcconfig */;
			buildSettings = {
				ALWAYS_EMBED_SWIFT_STANDARD_LIBRARIES = YES;
				INFOPLIST_FILE = "USC Visitor Companion AppUITests/Info.plist";
				LD_RUNPATH_SEARCH_PATHS = "$(inherited) @executable_path/Frameworks @loader_path/Frameworks";
				PRODUCT_BUNDLE_IDENTIFIER = "edu.usc.USC-Visitor-Companion-AppUITests";
				PRODUCT_NAME = "$(TARGET_NAME)";
				SWIFT_VERSION = 3.0;
				TEST_TARGET_NAME = "USC Visitor Companion App";
			};
			name = Release;
		};
/* End XCBuildConfiguration section */

/* Begin XCConfigurationList section */
		AAD38B7C1D971648004DD648 /* Build configuration list for PBXProject "USC Visitor Companion App" */ = {
			isa = XCConfigurationList;
			buildConfigurations = (
				AAD38BAA1D971648004DD648 /* Debug */,
				AAD38BAB1D971648004DD648 /* Release */,
			);
			defaultConfigurationIsVisible = 0;
			defaultConfigurationName = Release;
		};
		AAD38BAC1D971648004DD648 /* Build configuration list for PBXNativeTarget "USC Visitor Companion App" */ = {
			isa = XCConfigurationList;
			buildConfigurations = (
				AAD38BAD1D971648004DD648 /* Debug */,
				AAD38BAE1D971648004DD648 /* Release */,
			);
			defaultConfigurationIsVisible = 0;
			defaultConfigurationName = Release;
		};
		AAD38BAF1D971648004DD648 /* Build configuration list for PBXNativeTarget "USC Visitor Companion AppTests" */ = {
			isa = XCConfigurationList;
			buildConfigurations = (
				AAD38BB01D971648004DD648 /* Debug */,
				AAD38BB11D971648004DD648 /* Release */,
			);
			defaultConfigurationIsVisible = 0;
			defaultConfigurationName = Release;
		};
		AAD38BB21D971648004DD648 /* Build configuration list for PBXNativeTarget "USC Visitor Companion AppUITests" */ = {
			isa = XCConfigurationList;
			buildConfigurations = (
				AAD38BB31D971648004DD648 /* Debug */,
				AAD38BB41D971648004DD648 /* Release */,
			);
			defaultConfigurationIsVisible = 0;
			defaultConfigurationName = Release;
		};
/* End XCConfigurationList section */

/* Begin XCVersionGroup section */
		AAD38B8B1D971648004DD648 /* USC_Visitor_Companion_App.xcdatamodeld */ = {
			isa = XCVersionGroup;
			children = (
				AAD38B8C1D971648004DD648 /* USC_Visitor_Companion_App.xcdatamodel */,
			);
			currentVersion = AAD38B8C1D971648004DD648 /* USC_Visitor_Companion_App.xcdatamodel */;
			path = USC_Visitor_Companion_App.xcdatamodeld;
			sourceTree = "<group>";
			versionGroupType = wrapper.xcdatamodel;
		};
/* End XCVersionGroup section */
	};
	rootObject = AAD38B791D971648004DD648 /* Project object */;
}
