PODS:
  - Bolts/Tasks (1.8.4)
  - BubbleTransition (2.0.0)
  - GoogleMaps (2.1.0):
    - GoogleMaps/Maps (= 2.1.0)
  - GoogleMaps/Base (2.1.0)
  - GoogleMaps/Maps (2.1.0):
    - GoogleMaps/Base (= 2.1.0)
  - GooglePlaces (2.1.0):
    - GoogleMaps/Base (= 2.1.0)
  - Parse (1.14.2):
    - Bolts/Tasks (~> 1.8)

DEPENDENCIES:
  - BubbleTransition
  - GoogleMaps
  - GooglePlaces
  - Parse

SPEC CHECKSUMS:
  Bolts: 8a7995239dbe724f9cba2248b766d48b7ebdd322
  BubbleTransition: bdb9d71993b8d3513008e2dda6bada1ddad25d4f
  GoogleMaps: 06589b9a38097bce0cd6e90f0fd9b5e4b4a9344c
  GooglePlaces: 16e96266483b8010e9f275399403647978523c86
  Parse: 4335d65f40cb3d43190d723144bbe1afb9c38230

PODFILE CHECKSUM: d2cc5412f87a51abb6d41abd2732c49345d00335

COCOAPODS: 1.0.1
